version: 7
platforms:
- name: linux-64
  virtual-packages:
  - __unix=0=0
  - __linux=4.18
  - __glibc=2.28
  - __archspec=0=x86_64
- name: linux-aarch64
  virtual-packages:
  - __unix=0=0
  - __linux=4.18
  - __glibc=2.28
  - __archspec=0=aarch64
- name: osx-64
  virtual-packages:
  - __unix=0=0
  - __osx=13.0
  - __archspec=0=x86_64
- name: osx-arm64
  virtual-packages:
  - __unix=0=0
  - __osx=13.0
  - __archspec=0=m1
environments:
  default:
    channels:
    - url: https://conda.anaconda.org/conda-forge/
    packages:
      linux-64:
      - conda: https://conda.anaconda.org/conda-forge/linux-64/pandoc-3.11-ha770c72_0.conda
      linux-aarch64:
      - conda: https://conda.anaconda.org/conda-forge/linux-aarch64/pandoc-3.11-h8af1aa0_0.conda
      osx-64:
      - conda: https://conda.anaconda.org/conda-forge/osx-64/pandoc-3.11-h694c41f_0.conda
      osx-arm64:
      - conda: https://conda.anaconda.org/conda-forge/osx-arm64/pandoc-3.11-hce30654_0.conda
  docs:
    channels:
    - url: https://conda.anaconda.org/conda-forge/
    packages:
      linux-64:
      - conda: https://conda.anaconda.org/conda-forge/linux-64/_openmp_mutex-4.5-20_gnu.conda
      - conda: https://conda.anaconda.org/conda-forge/linux-64/dart-sass-1.104.0-hfc2019e_0.conda
      - conda: https://conda.anaconda.org/conda-forge/linux-64/deno-2.4.5-h6046fbb_0.conda
      - conda: https://conda.anaconda.org/conda-forge/linux-64/deno-dom-0.1.41-h4768de7_1.conda
      - conda: https://conda.anaconda.org/conda-forge/linux-64/esbuild-0.28.1-hfc2019e_0.conda
      - conda: https://conda.anaconda.org/conda-forge/linux-64/libgcc-16.2.0-ha9f2e26_5.conda
      - conda: https://conda.anaconda.org/conda-forge/linux-64/libgomp-16.2.0-he0feb66_5.conda
      - conda: https://conda.anaconda.org/conda-forge/linux-64/openssl-3.6.4-h781a0a9_0.conda
      - conda: https://conda.anaconda.org/conda-forge/linux-64/pandoc-3.8.3-ha770c72_0.conda
      - conda: https://conda.anaconda.org/conda-forge/linux-64/quarto-1.9.38-hd55b112_0.conda
      - conda: https://conda.anaconda.org/conda-forge/linux-64/typst-0.14.2-h4c46f8d_0.conda
      - conda: https://conda.anaconda.org/conda-forge/noarch/ca-certificates-2026.7.22-hbd8a1cb_0.conda
      linux-aarch64:
      - conda: https://conda.anaconda.org/conda-forge/linux-aarch64/_openmp_mutex-4.5-20_gnu.conda
      - conda: https://conda.anaconda.org/conda-forge/linux-aarch64/dart-sass-1.104.0-h22914b5_0.conda
      - conda: https://conda.anaconda.org/conda-forge/linux-aarch64/deno-2.4.5-h35b4daa_0.conda
      - conda: https://conda.anaconda.org/conda-forge/linux-aarch64/deno-dom-0.1.41-ha50fc8a_1.conda
      - conda: https://conda.anaconda.org/conda-forge/linux-aarch64/esbuild-0.28.1-h22914b5_0.conda
      - conda: https://conda.anaconda.org/conda-forge/linux-aarch64/libgcc-16.2.0-h205dda4_5.conda
      - conda: https://conda.anaconda.org/conda-forge/linux-aarch64/libgomp-16.2.0-h8acb6b2_5.conda
      - conda: https://conda.anaconda.org/conda-forge/linux-aarch64/openssl-3.6.4-he6ad1d5_0.conda
      - conda: https://conda.anaconda.org/conda-forge/linux-aarch64/pandoc-3.8.3-h8af1aa0_0.conda
      - conda: https://conda.anaconda.org/conda-forge/linux-aarch64/quarto-1.9.38-ha759a6f_0.conda
      - conda: https://conda.anaconda.org/conda-forge/linux-aarch64/typst-0.14.2-h69fca3a_0.conda
      - conda: https://conda.anaconda.org/conda-forge/noarch/ca-certificates-2026.7.22-hbd8a1cb_0.conda
      osx-64:
      - conda: https://conda.anaconda.org/conda-forge/osx-64/dart-sass-1.104.0-h8822bef_0.conda
      - conda: https://conda.anaconda.org/conda-forge/osx-64/deno-2.4.5-h42a321a_0.conda
      - conda: https://conda.anaconda.org/conda-forge/osx-64/deno-dom-0.1.41-he96f4c9_1.conda
      - conda: https://conda.anaconda.org/conda-forge/osx-64/esbuild-0.28.1-h5839d16_0.conda
      - conda: https://conda.anaconda.org/conda-forge/osx-64/libzlib-1.3.2-hbb4bfdb_3.conda
      - conda: https://conda.anaconda.org/conda-forge/osx-64/pandoc-3.8.3-h694c41f_0.conda
      - conda: https://conda.anaconda.org/conda-forge/osx-64/quarto-1.9.38-h7a197ef_0.conda
      - conda: https://conda.anaconda.org/conda-forge/osx-64/typst-0.14.2-h121f529_0.conda
      osx-arm64:
      - conda: https://conda.anaconda.org/conda-forge/osx-arm64/dart-sass-1.104.0-h820172f_0.conda
      - conda: https://conda.anaconda.org/conda-forge/osx-arm64/deno-2.4.5-h248350f_0.conda
      - conda: https://conda.anaconda.org/conda-forge/osx-arm64/deno-dom-0.1.41-h99eee54_1.conda
      - conda: https://conda.anaconda.org/conda-forge/osx-arm64/esbuild-0.28.1-hf76c51c_0.conda
      - conda: https://conda.anaconda.org/conda-forge/osx-arm64/libzlib-1.3.2-h8088a28_3.conda
      - conda: https://conda.anaconda.org/conda-forge/osx-arm64/pandoc-3.8.3-hce30654_0.conda
      - conda: https://conda.anaconda.org/conda-forge/osx-arm64/quarto-1.9.38-h2349ac6_0.conda
      - conda: https://conda.anaconda.org/conda-forge/osx-arm64/typst-0.14.2-hd1458d2_0.conda
  pandoc-min:
    channels:
    - url: https://conda.anaconda.org/conda-forge/
    packages:
      linux-64:
      - conda: https://conda.anaconda.org/conda-forge/linux-64/libzlib-1.3.2-h25fd6f3_3.conda
      - conda: https://conda.anaconda.org/conda-forge/linux-64/pandoc-3.1.1-h32600fe_0.conda
packages:
- conda: https://conda.anaconda.org/conda-forge/linux-64/_openmp_mutex-4.5-20_gnu.conda
  build_number: 20
  sha256: 1dd3fffd892081df9726d7eb7e0dea6198962ba775bd88842135a4ddb4deb3c9
  md5: a9f577daf3de00bca7c3c76c0ecbd1de
  depends:
  - __glibc >=2.17,<3.0.a0
  - libgomp >=7.5.0
  constrains:
  - openmp_impl <0.0a0
  license: BSD-3-Clause
  license_family: BSD
  run_exports:
    strong:
    - _openmp_mutex >=4.5
  size: 28948
  timestamp: 1770939786096
- conda: https://conda.anaconda.org/conda-forge/linux-64/dart-sass-1.104.0-hfc2019e_0.conda
  sha256: 97b93231fc990f7f4eb287ccb069b4e85609fcba33c82676617820b37558e6a9
  md5: 9916a7c2f17695517982bd14d35763cf
  license: MIT
  license_family: MIT
  run_exports: {}
  size: 3981882
  timestamp: 1788502072242
- conda: https://conda.anaconda.org/conda-forge/linux-64/deno-2.4.5-h6046fbb_0.conda
  sha256: 3638c08b977b694b1f459da6ad2ba61e956f367e69e9893633b0270e068cb73e
  md5: 39a168481d8b14ddc0c07b733fbbda97
  depends:
  - libgcc >=15
  - __glibc >=2.28,<3.0.a0
  constrains:
  - __glibc >=2.17
  license: MIT
  license_family: MIT
  run_exports: {}
  size: 38196953
  timestamp: 1776774768229
- conda: https://conda.anaconda.org/conda-forge/linux-64/deno-dom-0.1.41-h4768de7_1.conda
  sha256: b3696e24feb52d6a3edc78c9969d6efcc9e2ad76b7a922903c3ab6e3a28578d9
  md5: ec45e23dd2643af69b2b71cf67f02813
  depends:
  - __glibc >=2.17,<3.0.a0
  - deno >=1.24.2
  constrains:
  - __glibc >=2.17
  license: MIT
  license_family: MIT
  run_exports: {}
  size: 399275
  timestamp: 1788443634354
- conda: https://conda.anaconda.org/conda-forge/linux-64/esbuild-0.28.1-hfc2019e_0.conda
  sha256: 2ff0603150014c840474d0ddc8813569d91f9ab20e83cb49b1019eb4155c0a63
  md5: 65b5461adebff76dc54e02c5c19a20a8
  license: MIT
  license_family: MIT
  run_exports: {}
  size: 4486486
  timestamp: 1781248826728
- conda: https://conda.anaconda.org/conda-forge/linux-64/libgcc-16.2.0-ha9f2e26_5.conda
  sha256: 33d1b5d57c5a55a474330c5ec41fe7001a5aa600d9639389e8ce5edafae216a4
  md5: 3b62b92f0f082b67c59618ebf07617a7
  depends:
  - __glibc >=2.17,<3.0.a0
  - _openmp_mutex >=4.5
  constrains:
  - libgcc-ng ==16.2.0=*_5
  - libgomp 16.2.0 he0feb66_5
  license: GPL-3.0-only WITH GCC-exception-3.1
  license_family: GPL
  run_exports: {}
  size: 1057064
  timestamp: 1789485807107
- conda: https://conda.anaconda.org/conda-forge/linux-64/libgomp-16.2.0-he0feb66_5.conda
  sha256: 224a5a09e258a1a257089a9af310e9336e1d36834959718a9fab8679742dd822
  md5: af44890f8a2beefd3a83805a59a65014
  depends:
  - __glibc >=2.17,<3.0.a0
  license: GPL-3.0-only WITH GCC-exception-3.1
  license_family: GPL
  run_exports:
    strong:
    - _openmp_mutex >=4.5
  size: 641644
  timestamp: 1789485759120
- conda: https://conda.anaconda.org/conda-forge/linux-64/libzlib-1.3.2-h25fd6f3_3.conda
  sha256: eb8a0db0aa570124f7d2a93d7c7f596e3390df5e047818d873baad32985fc736
  md5: 0de0122d9570a8ab637c6b73db268389
  depends:
  - __glibc >=2.17,<3.0.a0
  constrains:
  - zlib 1.3.2 *_3
  license: Zlib
  license_family: Other
  run_exports:
    weak:
    - libzlib >=1.3.2,<2.0a0
  size: 63713
  timestamp: 1785362952714
- conda: https://conda.anaconda.org/conda-forge/linux-64/openssl-3.6.4-h781a0a9_0.conda
  sha256: 4747b2d6a8336f52343bceb8a1ebf41a9e6e665b9d2e3f989972de53a310599e
  md5: 16e3034a330cc625f2c685edec60cf4e
  depends:
  - __glibc >=2.17,<3.0.a0
  - ca-certificates
  - libgcc >=15
  license: Apache-2.0
  license_family: Apache
  run_exports:
    weak:
    - openssl >=3.6.4,<4.0a0
  size: 3202955
  timestamp: 1787698780103
- conda: https://conda.anaconda.org/conda-forge/linux-64/pandoc-3.1.1-h32600fe_0.conda
  sha256: d4d9fd83e2a94b3df8189dd96e52a4dfce2c23592e5452ffdf9cdc281a18a7a8
  md5: 68dcea6605bcebb17215d2b4efb3e1cf
  depends:
  - libzlib >=1.2.13,<2.0.0a0
  license: GPL-2.0-or-later
  license_family: GPL
  run_exports: {}
  size: 27482149
  timestamp: 1678894754318
- conda: https://conda.anaconda.org/conda-forge/linux-64/pandoc-3.11-ha770c72_0.conda
  sha256: cb14839e33fbbb2163f259476091dd99f9e83fbb1690b789cd1e6e6a05d17db7
  md5: 2c71f77db75fa5e9dd64abb706c66788
  license: GPL-2.0-or-later
  license_family: GPL
  run_exports: {}
  size: 22669482
  timestamp: 1788174374409
- conda: https://conda.anaconda.org/conda-forge/linux-64/pandoc-3.8.3-ha770c72_0.conda
  sha256: 87ec986d1e0d16d9d2aa149653abeb73d1ac4bd9e6d7dc13ba33ec00134c8a7a
  md5: 0e4aa34e44a68aeb850349fe51a6a3d0
  license: GPL-2.0-or-later
  license_family: GPL
  run_exports: {}
  size: 22458834
  timestamp: 1764589637843
- conda: https://conda.anaconda.org/conda-forge/linux-64/quarto-1.9.38-hd55b112_0.conda
  sha256: f7a4e3e90c825c50133936cc9248516c46f8d446f6b94a7a73c6798586dd0b10
  md5: b56a08748b19822787dd17f81af02330
  depends:
  - __glibc >=2.17,<3.0.a0
  - dart-sass
  - deno >=2.4.5,<2.4.6.0a0
  - deno-dom >=0.1.41,<0.1.42.0a0
  - esbuild
  - libgcc >=14
  - openssl >=3.5.8,<4.0a0
  - pandoc 3.8.3
  - typst 0.14.2
  constrains:
  - __glibc >=2.17
  license: MIT
  license_family: MIT
  run_exports: {}
  size: 26218987
  timestamp: 1788517551050
- conda: https://conda.anaconda.org/conda-forge/linux-64/typst-0.14.2-h4c46f8d_0.conda
  sha256: 2051dee6a67d43a0ff0fd2ff9dacd8ef533e89d0b30feedf87613fc84b00c247
  md5: 6733bfb9b4338039e182ca3a41253ab5
  depends:
  - __glibc >=2.17,<3.0.a0
  - libgcc >=14
  - openssl >=3.5.4,<4.0a0
  constrains:
  - __glibc >=2.17
  license: Apache-2.0
  license_family: Apache
  run_exports: {}
  size: 15445965
  timestamp: 1765697444419
- conda: https://conda.anaconda.org/conda-forge/linux-aarch64/_openmp_mutex-4.5-20_gnu.conda
  build_number: 20
  sha256: a2527b1d81792a0ccd2c05850960df119c2b6d8f5fdec97f2db7d25dc23b1068
  md5: 468fd3bb9e1f671d36c2cbc677e56f1d
  depends:
  - libgomp >=7.5.0
  constrains:
  - openmp_impl <0.0a0
  license: BSD-3-Clause
  license_family: BSD
  run_exports:
    strong:
    - _openmp_mutex >=4.5
  size: 28926
  timestamp: 1770939656741
- conda: https://conda.anaconda.org/conda-forge/linux-aarch64/dart-sass-1.104.0-h22914b5_0.conda
  sha256: dcb788176b9c2aa7c4b20783c7004505031acf8710c5c137d81fc0be2437f2d5
  md5: 99e5e6bc0361f18627559b396721db94
  license: MIT
  license_family: MIT
  run_exports: {}
  size: 3882830
  timestamp: 1788502050561
- conda: https://conda.anaconda.org/conda-forge/linux-aarch64/deno-2.4.5-h35b4daa_0.conda
  sha256: ab1ce933ade8915f225b1754166f0b3e8d8c37e8424480dc2bcc66c1152cc0c1
  md5: a5ed4d23a27d560a9ccc1e2fa4697465
  depends:
  - libgcc >=15
  - __glibc >=2.28,<3.0.a0
  constrains:
  - __glibc >=2.17
  license: MIT
  license_family: MIT
  run_exports: {}
  size: 39042383
  timestamp: 1776774790044
- conda: https://conda.anaconda.org/conda-forge/linux-aarch64/deno-dom-0.1.41-ha50fc8a_1.conda
  sha256: be79a80252bbe65407d933bf9b00953404f531c8752e2ba95dca27a021870351
  md5: aa3a43ed81d612ece4b49a00aa4b406d
  depends:
  - deno >=1.24.2
  constrains:
  - __glibc >=2.17
  license: MIT
  license_family: MIT
  run_exports: {}
  size: 419407
  timestamp: 1788443582524
- conda: https://conda.anaconda.org/conda-forge/linux-aarch64/esbuild-0.28.1-h22914b5_0.conda
  sha256: 9f58fd7e55a9977bbceddf093e68daee037f3a86fdfbebb4d64b8eb37d83d9b5
  md5: 9d4d4b824b6fd21fe021a2fc9d3e2182
  license: MIT
  license_family: MIT
  run_exports: {}
  size: 4046632
  timestamp: 1781248844520
- conda: https://conda.anaconda.org/conda-forge/linux-aarch64/libgcc-16.2.0-h205dda4_5.conda
  sha256: e39d4701155a133927a90843165c0ac7f5ac5c2f684fb4ad83862f16a8ed4e6d
  md5: 0b5bcf498a9e65d337bede418c9294b1
  depends:
  - _openmp_mutex >=4.5
  constrains:
  - libgcc-ng ==16.2.0=*_5
  - libgomp 16.2.0 h8acb6b2_5
  license: GPL-3.0-only WITH GCC-exception-3.1
  license_family: GPL
  run_exports: {}
  size: 627589
  timestamp: 1789485830171
- conda: https://conda.anaconda.org/conda-forge/linux-aarch64/libgomp-16.2.0-h8acb6b2_5.conda
  sha256: 4f50ea4061b3e7c59f98be9c7f0621bc086d392219f9e349f350b89274200d91
  md5: 9f75d29a595b0b62c9b9299c2561216a
  license: GPL-3.0-only WITH GCC-exception-3.1
  license_family: GPL
  run_exports:
    strong:
    - _openmp_mutex >=4.5
  size: 617425
  timestamp: 1789485762815
- conda: https://conda.anaconda.org/conda-forge/linux-aarch64/openssl-3.6.4-he6ad1d5_0.conda
  sha256: a70c05a9baba9b1ce17c7e8b9479029372069b3bf402dbf200bc03696c531bed
  md5: 4aa504e081d16263e90c335df5499b4d
  depends:
  - ca-certificates
  - libgcc >=15
  license: Apache-2.0
  license_family: Apache
  run_exports:
    weak:
    - openssl >=3.6.4,<4.0a0
  size: 3712923
  timestamp: 1787698545024
- conda: https://conda.anaconda.org/conda-forge/linux-aarch64/pandoc-3.11-h8af1aa0_0.conda
  sha256: 6d80ac027cb3d286c59c2da339276afd42b684fa6e3fe26c1bd69008e5471158
  md5: 185a9cfb4b0f95ece3fc35fc9c6e28a5
  license: GPL-2.0-or-later
  license_family: GPL
  run_exports: {}
  size: 23783576
  timestamp: 1788174383197
- conda: https://conda.anaconda.org/conda-forge/linux-aarch64/pandoc-3.8.3-h8af1aa0_0.conda
  sha256: 323e57b0c641369576f77aea4c86fee3b6fe9b23dc45c2b9581dcef7427401c4
  md5: c836be24263e59aaaea502e96215692e
  license: GPL-2.0-or-later
  license_family: GPL
  run_exports: {}
  size: 23842499
  timestamp: 1764589643851
- conda: https://conda.anaconda.org/conda-forge/linux-aarch64/quarto-1.9.38-ha759a6f_0.conda
  sha256: 718cbe91325e709f660b1f25e9f8c1a4c957bdbe5d2160c8e70bb61f165dc3c4
  md5: 2d3c8782aeb633f4729948d8c4ec9bd9
  depends:
  - dart-sass
  - deno >=2.4.5,<2.4.6.0a0
  - deno-dom >=0.1.41,<0.1.42.0a0
  - esbuild
  - libgcc >=14
  - openssl >=3.5.8,<4.0a0
  - pandoc 3.8.3
  - typst 0.14.2
  constrains:
  - __glibc >=2.17
  license: MIT
  license_family: MIT
  run_exports: {}
  size: 25725492
  timestamp: 1788517590058
- conda: https://conda.anaconda.org/conda-forge/linux-aarch64/typst-0.14.2-h69fca3a_0.conda
  sha256: 5e5b08e33daa3fc99951eafd12469363316e6567b4d13440bb961533082dc1bd
  md5: f4785f11f7a6ebc1515220749f1c24cf
  depends:
  - libgcc >=14
  - openssl >=3.5.6,<4.0a0
  constrains:
  - __glibc >=2.17
  license: Apache-2.0
  license_family: Apache
  run_exports: {}
  size: 14743379
  timestamp: 1777561253000
- conda: https://conda.anaconda.org/conda-forge/noarch/ca-certificates-2026.7.22-hbd8a1cb_0.conda
  sha256: 0a0544cf95f64394fe4959286f5c71f5444ad58feb0602e53becb27448d24da6
  md5: 0f51e2391ade309db462a55611263e9c
  depends:
  - __unix
  license: ISC
  run_exports: {}
  size: 131780
  timestamp: 1784754889428
- conda: https://conda.anaconda.org/conda-forge/osx-64/dart-sass-1.104.0-h8822bef_0.conda
  sha256: 9864fb6eafc5115d8f9ca0c3f5b7422ba219858571df60dd52a0eb0833b25abe
  md5: 8059ace40084458291c97fe86dacfc0d
  license: MIT
  license_family: MIT
  run_exports: {}
  size: 3979858
  timestamp: 1788502102570
- conda: https://conda.anaconda.org/conda-forge/osx-64/deno-2.4.5-h42a321a_0.conda
  sha256: 52d3c281e014a58fa3d6c9bb430603477e1a636b876cbbe388a8d01a73a854b3
  md5: ed3eae30aa44dd510ac2474c15795a6b
  depends:
  - __osx >=11.0
  - libzlib >=1.3.2,<2.0a0
  constrains:
  - __osx >=10.13
  license: MIT
  license_family: MIT
  run_exports: {}
  size: 36820774
  timestamp: 1776774881799
- conda: https://conda.anaconda.org/conda-forge/osx-64/deno-dom-0.1.41-he96f4c9_1.conda
  sha256: 8fbdf6c9fc9a620d0a0feaf4a5b1b1aaf5c951576bb7060e2bf501aad2de2bee
  md5: db42fd7d0a86faaae8f4b941949cb6d4
  depends:
  - __osx >=11.0
  - deno >=1.24.2
  constrains:
  - __osx >=11.0
  license: MIT
  license_family: MIT
  run_exports: {}
  size: 352708
  timestamp: 1788444267607
- conda: https://conda.anaconda.org/conda-forge/osx-64/esbuild-0.28.1-h5839d16_0.conda
  sha256: bdc9d8713403d9992bb0c74c4b53cb393fa987620a4f4ec181e8bd8dbbce0879
  md5: 501d11c9de218493bf07c97d3136f3bd
  constrains:
  - __osx >=10.12
  license: MIT
  license_family: MIT
  run_exports: {}
  size: 4404706
  timestamp: 1781248898662
- conda: https://conda.anaconda.org/conda-forge/osx-64/libzlib-1.3.2-hbb4bfdb_3.conda
  sha256: b2dba286dd6632292b12296e761193b5ef9fb0eaeecaa481f5ba9af72c0c18e1
  md5: 7d3fa28263bb7f8ea32db11f570a5bb6
  depends:
  - __osx >=11.0
  constrains:
  - zlib 1.3.2 *_3
  license: Zlib
  license_family: Other
  run_exports:
    weak:
    - libzlib >=1.3.2,<2.0a0
  size: 58993
  timestamp: 1785276808631
- conda: https://conda.anaconda.org/conda-forge/osx-64/pandoc-3.11-h694c41f_0.conda
  sha256: 0ef2d60b6d9ae28d4e70fae3fbb716e751db77743b6f5d18dc298fe13e280827
  md5: 932c47502f555da85dcf6f562b3e36a5
  license: GPL-2.0-or-later
  license_family: GPL
  run_exports: {}
  size: 17047899
  timestamp: 1788174558998
- conda: https://conda.anaconda.org/conda-forge/osx-64/pandoc-3.8.3-h694c41f_0.conda
  sha256: 763c07427762e3e1d524c4e4e7343225de6af2be432d1136a0fa26b863450c9e
  md5: ea4f844424717e24a69c05f16ff30ffa
  license: GPL-2.0-or-later
  license_family: GPL
  run_exports: {}
  size: 16948053
  timestamp: 1764589819568
- conda: https://conda.anaconda.org/conda-forge/osx-64/quarto-1.9.38-h7a197ef_0.conda
  sha256: ae0742bb6fed8a8c5caf2e43c065ac97ee999a2afe9c0befcd2660277e348b31
  md5: 9f35aba63b6a7477612d26326e039760
  depends:
  - __osx >=11.0
  - dart-sass
  - deno >=2.4.5,<2.4.6.0a0
  - deno-dom >=0.1.41,<0.1.42.0a0
  - esbuild
  - pandoc 3.8.3
  - typst 0.14.2
  constrains:
  - __osx >=11.0
  license: MIT
  license_family: MIT
  run_exports: {}
  size: 26370223
  timestamp: 1779790360311
- conda: https://conda.anaconda.org/conda-forge/osx-64/typst-0.14.2-h121f529_0.conda
  sha256: 503f26d9ff68ac0e3fd66b5a77263115ece63044dd6c15562b9a5531da4c0a2a
  md5: db9932a780a3cf948c67b4842ecb5a06
  depends:
  - __osx >=10.13
  constrains:
  - __osx >=10.13
  license: Apache-2.0
  license_family: Apache
  run_exports: {}
  size: 15180322
  timestamp: 1765697711050
- conda: https://conda.anaconda.org/conda-forge/osx-arm64/dart-sass-1.104.0-h820172f_0.conda
  sha256: faab874ee9b14b71e04233252f5c3fb79f2104ffe9f6bb0a1765b96caed35818
  md5: cd84251caef6f49152ba16b0f09404eb
  license: MIT
  license_family: MIT
  run_exports: {}
  size: 3784490
  timestamp: 1788502028948
- conda: https://conda.anaconda.org/conda-forge/osx-arm64/deno-2.4.5-h248350f_0.conda
  sha256: a58cfdd110f9a08f60ba9636094096a0665bbcd47422fa9eb4aa510801175ec0
  md5: 2190a7bbed5d068ea14c6dc9db1c0f09
  depends:
  - __osx >=11.0
  - libzlib >=1.3.2,<2.0a0
  constrains:
  - __osx >=11.0
  license: MIT
  license_family: MIT
  run_exports: {}
  size: 35445880
  timestamp: 1776774792403
- conda: https://conda.anaconda.org/conda-forge/osx-arm64/deno-dom-0.1.41-h99eee54_1.conda
  sha256: e6b846b6ca59a16c1cc969e6098620160b39b760e8224bb05b40a5d638aa92a0
  md5: 34b68bea47a46b15ef94b80c0d0a808a
  depends:
  - __osx >=11.0
  - deno >=1.24.2
  constrains:
  - __osx >=11.0
  license: MIT
  license_family: MIT
  run_exports: {}
  size: 346788
  timestamp: 1788444276722
- conda: https://conda.anaconda.org/conda-forge/osx-arm64/esbuild-0.28.1-hf76c51c_0.conda
  sha256: 340c65b3acdbe58b815b363304f93a25dd5cfd96bc0479b24f3d656b71522853
  md5: 7023b247571c6428ac7752c87193d68d
  license: MIT
  license_family: MIT
  run_exports: {}
  size: 4033332
  timestamp: 1781248962480
- conda: https://conda.anaconda.org/conda-forge/osx-arm64/libzlib-1.3.2-h8088a28_3.conda
  sha256: a18fa5d5bac452401459f966cf0d872224e8080c4ff93c77e168d43ab42ef9d7
  md5: f39288f0ea63ae962e1a2e4f355a0d75
  depends:
  - __osx >=11.0
  constrains:
  - zlib 1.3.2 *_3
  license: Zlib
  license_family: Other
  run_exports:
    weak:
    - libzlib >=1.3.2,<2.0a0
  size: 47822
  timestamp: 1785277049190
- conda: https://conda.anaconda.org/conda-forge/osx-arm64/pandoc-3.11-hce30654_0.conda
  sha256: 1520d26e93867d62aa105d6f50e279c446d4bcd79f8db8d5b6a8442b148e8389
  md5: a2f9df29541bc9c9ec08950fcedfea84
  license: GPL-2.0-or-later
  license_family: GPL
  run_exports: {}
  size: 27272532
  timestamp: 1788174687475
- conda: https://conda.anaconda.org/conda-forge/osx-arm64/pandoc-3.8.3-hce30654_0.conda
  sha256: 39af2080d16088c0b9c19db5d0f8b2c845e70c428126a4773d0e54b609d8af91
  md5: 68bc0f4209fe5cbb03a401177f3a36c2
  license: GPL-2.0-or-later
  license_family: GPL
  run_exports: {}
  size: 28522262
  timestamp: 1764589967786
- conda: https://conda.anaconda.org/conda-forge/osx-arm64/quarto-1.9.38-h2349ac6_0.conda
  sha256: c61b67d2ae9a93b39cd13d804c3891476082f4c39a23a390582dc37b284f4d80
  md5: 9263986f1f93816717e67cee657dc4c4
  depends:
  - __osx >=11.0
  - dart-sass
  - deno >=2.4.5,<2.4.6.0a0
  - deno-dom >=0.1.41,<0.1.42.0a0
  - esbuild
  - pandoc 3.8.3
  - typst 0.14.2
  constrains:
  - __osx >=11.0
  license: MIT
  license_family: MIT
  run_exports: {}
  size: 25839116
  timestamp: 1788518608515
- conda: https://conda.anaconda.org/conda-forge/osx-arm64/typst-0.14.2-hd1458d2_0.conda
  sha256: 201e08fc74e3dc8161d583bb50d23ae07b4537c5efa41c8a7e1ba46a30261ea6
  md5: 750223ac708cb65d0d32fa61d84e35e4
  depends:
  - __osx >=11.0
  constrains:
  - __osx >=11.0
  license: Apache-2.0
  license_family: Apache
  run_exports: {}
  size: 14708782
  timestamp: 1765697750603
